github.com/dillonzq/LoveIt v0.3.2-0.20260310113939-5afc67129ff0 h1:ogWQOmc4Yi+BZJp+kmRr7B3US9lJKb0WwtvOhQ4b2qY=
github.com/dillonzq/LoveIt v0.3.2-0.20260310113939-5afc67129ff0/go.mod h1:6IBQv4PKou3cERt0xcxud81O793taOmJqYKXn1eNPB4=
github.com/dillonzq/LoveIt v0.3.2-0.20260311115037-23bc60506c56 h1:9TYK3m3Ephxt6K/7PRpU0JMZGk/+MrbvO/yBrzPK/Oo=
github.com/dillonzq/LoveIt v0.3.2-0.20260311115037-23bc60506c56/go.mod h1:6IBQv4PKou3cERt0xcxud81O793taOmJqYKXn1eNPB4=
